
Microsoft Visual Studio Solution File, Format Version 12.00
# Visual Studio Version 16
VisualStudioVersion = 16.0.30330.147
MinimumVisualStudioVersion = 10.0.40219.1
Project("{9A19103F-16F7-4668-BE54-9A1E7A4F7556}") = "Server", "Server\Server.csproj", "{BAB1EA6D-E08F-44EE-AD22-03D500D05D15}"
EndProject
Global
	GlobalSection(SolutionConfigurationPlatforms) = preSolution
		Debug|Any CPU = Debug|Any CPU
		Release|Any CPU = Release|Any CPU
	EndGlobalSection
	GlobalSection(ProjectConfigurationPlatforms) = postSolution
		{BAB1EA6D-E08F-44EE-AD22-03D500D05D15}.Debug|Any CPU.ActiveCfg = Debug|Any CPU
		{BAB1EA6D-E08F-44EE-AD22-03D500D05D15}.Debug|Any CPU.Build.0 = Debug|Any CPU
		{BAB1EA6D-E08F-44EE-AD22-03D500D05D15}.Release|Any CPU.ActiveCfg = Release|Any CPU
		{BAB1EA6D-E08F-44EE-AD22-03D500D05D15}.Release|Any CPU.Build.0 = Release|Any CPU
	EndGlobalSection
	GlobalSection(SolutionProperties) = preSolution
		HideSolutionNode = FALSE
	EndGlobalSection
	GlobalSection(ExtensibilityGlobals) = postSolution
		SolutionGuid = {BF673173-6CAD-4491-81CE-96A4CB8735B5}
	EndGlobalSection
EndGlobal
